
Microsoft Visual Studio Solution File, Format Version 12.00
# Visual Studio Version 17
VisualStudioVersion = 17.14.36623.8
MinimumVisualStudioVersion = 10.0.40219.1
Project("{FAE04EC0-301F-11D3-BF4B-00C04F79EFBC}") = "RimLife", "RimLife.csproj", "{AF10F276-650E-3CE9-E8AD-516540603A16}"
EndProject
Project("{FAE04EC0-301F-11D3-BF4B-00C04F79EFBC}") = "RimLife.Tests", "RimLife.Tests\RimLife.Tests.csproj", "{168CDC45-953E-4C52-BCDF-1DE8EA525268}"
EndProject
Project("{FAE04EC0-301F-11D3-BF4B-00C04F79EFBC}") = "NPCLife", "NPCLife\NPCLife.csproj", "{D163669C-479C-431E-AE1D-8C8DEBF0C6E9}"
EndProject
Global
	GlobalSection(SolutionConfigurationPlatforms) = preSolution
		Debug|Any CPU = Debug|Any CPU
		Debug|x64 = Debug|x64
		Debug|x86 = Debug|x86
		Release|Any CPU = Release|Any CPU
		Release|x64 = Release|x64
		Release|x86 = Release|x86
	EndGlobalSection
	GlobalSection(ProjectConfigurationPlatforms) = postSolution
		{AF10F276-650E-3CE9-E8AD-516540603A16}.Debug|Any CPU.ActiveCfg = Debug|Any CPU
		{AF10F276-650E-3CE9-E8AD-516540603A16}.Debug|Any CPU.Build.0 = Debug|Any CPU
		{AF10F276-650E-3CE9-E8AD-516540603A16}.Debug|x64.ActiveCfg = Debug|Any CPU
		{AF10F276-650E-3CE9-E8AD-516540603A16}.Debug|x64.Build.0 = Debug|Any CPU
		{AF10F276-650E-3CE9-E8AD-516540603A16}.Debug|x86.ActiveCfg = Debug|Any CPU
		{AF10F276-650E-3CE9-E8AD-516540603A16}.Debug|x86.Build.0 = Debug|Any CPU
		{AF10F276-650E-3CE9-E8AD-516540603A16}.Release|Any CPU.ActiveCfg = Release|Any CPU
		{AF10F276-650E-3CE9-E8AD-516540603A16}.Release|Any CPU.Build.0 = Release|Any CPU
		{AF10F276-650E-3CE9-E8AD-516540603A16}.Release|x64.ActiveCfg = Release|Any CPU
		{AF10F276-650E-3CE9-E8AD-516540603A16}.Release|x64.Build.0 = Release|Any CPU
		{AF10F276-650E-3CE9-E8AD-516540603A16}.Release|x86.ActiveCfg = Release|Any CPU
		{AF10F276-650E-3CE9-E8AD-516540603A16}.Release|x86.Build.0 = Release|Any CPU
		{168CDC45-953E-4C52-BCDF-1DE8EA525268}.Debug|Any CPU.ActiveCfg = Debug|Any CPU
		{168CDC45-953E-4C52-BCDF-1DE8EA525268}.Debug|Any CPU.Build.0 = Debug|Any CPU
		{168CDC45-953E-4C52-BCDF-1DE8EA525268}.Debug|x64.ActiveCfg = Debug|Any CPU
		{168CDC45-953E-4C52-BCDF-1DE8EA525268}.Debug|x64.Build.0 = Debug|Any CPU
		{168CDC45-953E-4C52-BCDF-1DE8EA525268}.Debug|x86.ActiveCfg = Debug|Any CPU
		{168CDC45-953E-4C52-BCDF-1DE8EA525268}.Debug|x86.Build.0 = Debug|Any CPU
		{168CDC45-953E-4C52-BCDF-1DE8EA525268}.Release|Any CPU.ActiveCfg = Release|Any CPU
		{168CDC45-953E-4C52-BCDF-1DE8EA525268}.Release|Any CPU.Build.0 = Release|Any CPU
		{168CDC45-953E-4C52-BCDF-1DE8EA525268}.Release|x64.ActiveCfg = Release|Any CPU
		{168CDC45-953E-4C52-BCDF-1DE8EA525268}.Release|x64.Build.0 = Release|Any CPU
		{168CDC45-953E-4C52-BCDF-1DE8EA525268}.Release|x86.ActiveCfg = Release|Any CPU
		{168CDC45-953E-4C52-BCDF-1DE8EA525268}.Release|x86.Build.0 = Release|Any CPU
		{D163669C-479C-431E-AE1D-8C8DEBF0C6E9}.Debug|Any CPU.ActiveCfg = Debug|Any CPU
		{D163669C-479C-431E-AE1D-8C8DEBF0C6E9}.Debug|Any CPU.Build.0 = Debug|Any CPU
		{D163669C-479C-431E-AE1D-8C8DEBF0C6E9}.Debug|x64.ActiveCfg = Debug|Any CPU
		{D163669C-479C-431E-AE1D-8C8DEBF0C6E9}.Debug|x64.Build.0 = Debug|Any CPU
		{D163669C-479C-431E-AE1D-8C8DEBF0C6E9}.Debug|x86.ActiveCfg = Debug|Any CPU
		{D163669C-479C-431E-AE1D-8C8DEBF0C6E9}.Debug|x86.Build.0 = Debug|Any CPU
		{D163669C-479C-431E-AE1D-8C8DEBF0C6E9}.Release|Any CPU.ActiveCfg = Release|Any CPU
		{D163669C-479C-431E-AE1D-8C8DEBF0C6E9}.Release|Any CPU.Build.0 = Release|Any CPU
		{D163669C-479C-431E-AE1D-8C8DEBF0C6E9}.Release|x64.ActiveCfg = Release|Any CPU
		{D163669C-479C-431E-AE1D-8C8DEBF0C6E9}.Release|x64.Build.0 = Release|Any CPU
		{D163669C-479C-431E-AE1D-8C8DEBF0C6E9}.Release|x86.ActiveCfg = Release|Any CPU
		{D163669C-479C-431E-AE1D-8C8DEBF0C6E9}.Release|x86.Build.0 = Release|Any CPU
	EndGlobalSection
	GlobalSection(SolutionProperties) = preSolution
		HideSolutionNode = FALSE
	EndGlobalSection
	GlobalSection(ExtensibilityGlobals) = postSolution
		SolutionGuid = {880BE71B-2287-46F3-986F-4070BFACCD5A}
	EndGlobalSection
EndGlobal
